// !$*UTF8*$!
{
	archiveVersion = 1;
	classes = {
	};
	objectVersion = 50;
	objects = {

/* Begin PBXBuildFile section */
		1CC4083532ED4F5EDFF9E506 /* Pods_To_Do_List.framework in Frameworks */ = {isa = PBXBuildFile; fileRef = 75347904824230B53CA6B410 /* Pods_To_Do_List.framework */; };
		63F881F122749D9500FA75AC /* AppDelegate.swift in Sources */ = {isa = PBXBuildFile; fileRef = 63F881F022749D9500FA75AC /* AppDelegate.swift */; };
		63F881F622749D9500FA75AC /* Main.storyboard in Resources */ = {isa = PBXBuildFile; fileRef = 63F881F422749D9500FA75AC /* Main.storyboard */; };
		63F881F822749D9600FA75AC /* Assets.xcassets in Resources */ = {isa = PBXBuildFile; fileRef = 63F881F722749D9600FA75AC /* Assets.xcassets */; };
		63F881FB22749D9600FA75AC /* LaunchScreen.storyboard in Resources */ = {isa = PBXBuildFile; fileRef = 63F881F922749D9600FA75AC /* LaunchScreen.storyboard */; };
		63F8820422749F5700FA75AC /* ToDo.swift in Sources */ = {isa = PBXBuildFile; fileRef = 63F8820322749F5700FA75AC /* ToDo.swift */; };
		63F882082274A18200FA75AC /* ToDoTableViewController.swift in Sources */ = {isa = PBXBuildFile; fileRef = 63F882072274A18200FA75AC /* ToDoTableViewController.swift */; };
		63F8820A2274A34200FA75AC /* ToDoTableViewController+UITableViewDataSource.swift in Sources */ = {isa = PBXBuildFile; fileRef = 63F882092274A34200FA75AC /* ToDoTableViewController+UITableViewDataSource.swift */; };
		63F8820D2274A57600FA75AC /* String+Extension.swift in Sources */ = {isa = PBXBuildFile; fileRef = 63F8820C2274A57600FA75AC /* String+Extension.swift */; };
		63F8820F2274AB2900FA75AC /* ToDoTableViewController+UITableViewDelegate.swift in Sources */ = {isa = PBXBuildFile; fileRef = 63F8820E2274AB2900FA75AC /* ToDoTableViewController+UITableViewDelegate.swift */; };
		63F882122275D4AD00FA75AC /* ToDoViewController.swift in Sources */ = {isa = PBXBuildFile; fileRef = 63F882112275D4AD00FA75AC /* ToDoViewController.swift */; };
		63F882142275DDAA00FA75AC /* ToDoViewController+UITableViewDelegate.swift in Sources */ = {isa = PBXBuildFile; fileRef = 63F882132275DDAA00FA75AC /* ToDoViewController+UITableViewDelegate.swift */; };
/* End PBXBuildFile section */

/* Begin PBXFileReference section */
		63F881ED22749D9500FA75AC /* To Do List.app */ = {isa = PBXFileReference; explicitFileType = wrapper.application; includeInIndex = 0; path = "To Do List.app"; sourceTree = BUILT_PRODUCTS_DIR; };
		63F881F022749D9500FA75AC /* AppDelegate.swift */ = {isa = PBXFileReference; lastKnownFileType = sourcecode.swift; path = AppDelegate.swift; sourceTree = "<group>"; };
		63F881F522749D9500FA75AC /* Base */ = {isa = PBXFileReference; lastKnownFileType = file.storyboard; name = Base; path = Base.lproj/Main.storyboard; sourceTree = "<group>"; };
		63F881F722749D9600FA75AC /* Assets.xcassets */ = {isa = PBXFileReference; lastKnownFileType = folder.assetcatalog; path = Assets.xcassets; sourceTree = "<group>"; };
		63F881FA22749D9600FA75AC /* Base */ = {isa = PBXFileReference; lastKnownFileType = file.storyboard; name = Base; path = Base.lproj/LaunchScreen.storyboard; sourceTree = "<group>"; };
		63F881FC22749D9600FA75AC /* Info.plist */ = {isa = PBXFileReference; lastKnownFileType = text.plist.xml; path = Info.plist; sourceTree = "<group>"; };
		63F8820322749F5700FA75AC /* ToDo.swift */ = {isa = PBXFileReference; lastKnownFileType = sourcecode.swift; path = ToDo.swift; sourceTree = "<group>"; };
		63F882072274A18200FA75AC /* ToDoTableViewController.swift */ = {isa = PBXFileReference; lastKnownFileType = sourcecode.swift; path = ToDoTableViewController.swift; sourceTree = "<group>"; };
		63F882092274A34200FA75AC /* ToDoTableViewController+UITableViewDataSource.swift */ = {isa = PBXFileReference; lastKnownFileType = sourcecode.swift; path = "ToDoTableViewController+UITableViewDataSource.swift"; sourceTree = "<group>"; };
		63F8820C2274A57600FA75AC /* String+Extension.swift */ = {isa = PBXFileReference; lastKnownFileType = sourcecode.swift; path = "String+Extension.swift"; sourceTree = "<group>"; };
		63F8820E2274AB2900FA75AC /* ToDoTableViewController+UITableViewDelegate.swift */ = {isa = PBXFileReference; lastKnownFileType = sourcecode.swift; path = "ToDoTableViewController+UITableViewDelegate.swift"; sourceTree = "<group>"; };
		63F882112275D4AD00FA75AC /* ToDoViewController.swift */ = {isa = PBXFileReference; lastKnownFileType = sourcecode.swift; path = ToDoViewController.swift; sourceTree = "<group>"; };
		63F882132275DDAA00FA75AC /* ToDoViewController+UITableViewDelegate.swift */ = {isa = PBXFileReference; lastKnownFileType = sourcecode.swift; path = "ToDoViewController+UITableViewDelegate.swift"; sourceTree = "<group>"; };
		75347904824230B53CA6B410 /* Pods_To_Do_List.framework */ = {isa = PBXFileReference; explicitFileType = wrapper.framework; includeInIndex = 0; path = Pods_To_Do_List.framework; sourceTree = BUILT_PRODUCTS_DIR; };
		B54F9A42283F7BC657F9EACE /* Pods-To Do List.release.xcconfig */ = {isa = PBXFileReference; includeInIndex = 1; lastKnownFileType = text.xcconfig; name = "Pods-To Do List.release.xcconfig"; path = "Pods/Target Support Files/Pods-To Do List/Pods-To Do List.release.xcconfig"; sourceTree = "<group>"; };
		C60D5A189BFDC56FC6E7AEA4 /* Pods-To Do List.debug.xcconfig */ = {isa = PBXFileReference; includeInIndex = 1; lastKnownFileType = text.xcconfig; name = "Pods-To Do List.debug.xcconfig"; path = "Pods/Target Support Files/Pods-To Do List/Pods-To Do List.debug.xcconfig"; sourceTree = "<group>"; };
/* End PBXFileReference section */

/* Begin PBXFrameworksBuildPhase section */
		63F881EA22749D9500FA75AC /* Frameworks */ = {
			isa = PBXFrameworksBuildPhase;
			buildActionMask = 2147483647;
			files = (
				1CC4083532ED4F5EDFF9E506 /* Pods_To_Do_List.framework in Frameworks */,
			);
			runOnlyForDeploymentPostprocessing = 0;
		};
/* End PBXFrameworksBuildPhase section */

/* Begin PBXGroup section */
		36215FC5C67032D4F185978B /* Frameworks */ = {
			isa = PBXGroup;
			children = (
				75347904824230B53CA6B410 /* Pods_To_Do_List.framework */,
			);
			name = Frameworks;
			sourceTree = "<group>";
		};
		63F881E422749D9500FA75AC = {
			isa = PBXGroup;
			children = (
				63F881EF22749D9500FA75AC /* To Do List */,
				63F881EE22749D9500FA75AC /* Products */,
				7188100EC6FA1DF48A75C089 /* Pods */,
				36215FC5C67032D4F185978B /* Frameworks */,
			);
			sourceTree = "<group>";
		};
		63F881EE22749D9500FA75AC /* Products */ = {
			isa = PBXGroup;
			children = (
				63F881ED22749D9500FA75AC /* To Do List.app */,
			);
			name = Products;
			sourceTree = "<group>";
		};
		63F881EF22749D9500FA75AC /* To Do List */ = {
			isa = PBXGroup;
			children = (
				63F8820B2274A53B00FA75AC /* Extension */,
				63F8820522749FA900FA75AC /* Controllers */,
				63F8820222749F3A00FA75AC /* Model */,
				63F881F022749D9500FA75AC /* AppDelegate.swift */,
				63F881F422749D9500FA75AC /* Main.storyboard */,
				63F881F722749D9600FA75AC /* Assets.xcassets */,
				63F881F922749D9600FA75AC /* LaunchScreen.storyboard */,
				63F881FC22749D9600FA75AC /* Info.plist */,
			);
			path = "To Do List";
			sourceTree = "<group>";
		};
		63F8820222749F3A00FA75AC /* Model */ = {
			isa = PBXGroup;
			children = (
				63F8820322749F5700FA75AC /* ToDo.swift */,
			);
			path = Model;
			sourceTree = "<group>";
		};
		63F8820522749FA900FA75AC /* Controllers */ = {
			isa = PBXGroup;
			children = (
				63F882062274A10300FA75AC /* ToDoTableViewController */,
				63F882102275D46300FA75AC /* ToDoViewController */,
			);
			path = Controllers;
			sourceTree = "<group>";
		};
		63F882062274A10300FA75AC /* ToDoTableViewController */ = {
			isa = PBXGroup;
			children = (
				63F882072274A18200FA75AC /* ToDoTableViewController.swift */,
				63F882092274A34200FA75AC /* ToDoTableViewController+UITableViewDataSource.swift */,
				63F8820E2274AB2900FA75AC /* ToDoTableViewController+UITableViewDelegate.swift */,
			);
			path = ToDoTableViewController;
			sourceTree = "<group>";
		};
		63F8820B2274A53B00FA75AC /* Extension */ = {
			isa = PBXGroup;
			children = (
				63F8820C2274A57600FA75AC /* String+Extension.swift */,
			);
			path = Extension;
			sourceTree = "<group>";
		};
		63F882102275D46300FA75AC /* ToDoViewController */ = {
			isa = PBXGroup;
			children = (
				63F882112275D4AD00FA75AC /* ToDoViewController.swift */,
				63F882132275DDAA00FA75AC /* ToDoViewController+UITableViewDelegate.swift */,
			);
			path = ToDoViewController;
			sourceTree = "<group>";
		};
		7188100EC6FA1DF48A75C089 /* Pods */ = {
			isa = PBXGroup;
			children = (
				C60D5A189BFDC56FC6E7AEA4 /* Pods-To Do List.debug.xcconfig */,
				B54F9A42283F7BC657F9EACE /* Pods-To Do List.release.xcconfig */,
			);
			name = Pods;
			sourceTree = "<group>";
		};
/* End PBXGroup section */

/* Begin PBXNativeTarget section */
		63F881EC22749D9500FA75AC /* To Do List */ = {
			isa = PBXNativeTarget;
			buildConfigurationList = 63F881FF22749D9600FA75AC /* Build configuration list for PBXNativeTarget "To Do List" */;
			buildPhases = (
				53C6BFA1CC0958A95B6E24AA /* [CP] Check Pods Manifest.lock */,
				63F881E922749D9500FA75AC /* Sources */,
				63F881EA22749D9500FA75AC /* Frameworks */,
				63F881EB22749D9500FA75AC /* Resources */,
				02FD93215B68FF8D5A427967 /* [CP] Embed Pods Frameworks */,
			);
			buildRules = (
			);
			dependencies = (
			);
			name = "To Do List";
			productName = "To Do List";
			productReference = 63F881ED22749D9500FA75AC /* To Do List.app */;
			productType = "com.apple.product-type.application";
		};
/* End PBXNativeTarget section */

/* Begin PBXProject section */
		63F881E522749D9500FA75AC /* Project object */ = {
			isa = PBXProject;
			attributes = {
				LastSwiftUpdateCheck = 1020;
				LastUpgradeCheck = 1020;
				ORGANIZATIONNAME = "Давид";
				TargetAttributes = {
					63F881EC22749D9500FA75AC = {
						CreatedOnToolsVersion = 10.2;
					};
				};
			};
			buildConfigurationList = 63F881E822749D9500FA75AC /* Build configuration list for PBXProject "To Do List" */;
			compatibilityVersion = "Xcode 9.3";
			developmentRegion = en;
			hasScannedForEncodings = 0;
			knownRegions = (
				en,
				Base,
			);
			mainGroup = 63F881E422749D9500FA75AC;
			productRefGroup = 63F881EE22749D9500FA75AC /* Products */;
			projectDirPath = "";
			projectRoot = "";
			targets = (
				63F881EC22749D9500FA75AC /* To Do List */,
			);
		};
/* End PBXProject section */

/* Begin PBXResourcesBuildPhase section */
		63F881EB22749D9500FA75AC /* Resources */ = {
			isa = PBXResourcesBuildPhase;
			buildActionMask = 2147483647;
			files = (
				63F881FB22749D9600FA75AC /* LaunchScreen.storyboard in Resources */,
				63F881F822749D9600FA75AC /* Assets.xcassets in Resources */,
				63F881F622749D9500FA75AC /* Main.storyboard in Resources */,
			);
			runOnlyForDeploymentPostprocessing = 0;
		};
/* End PBXResourcesBuildPhase section */

/* Begin PBXShellScriptBuildPhase section */
		02FD93215B68FF8D5A427967 /* [CP] Embed Pods Frameworks */ = {
			isa = PBXShellScriptBuildPhase;
			buildActionMask = 2147483647;
			files = (
			);
			inputFileListPaths = (
			);
			inputPaths = (
				"${SRCROOT}/Pods/Target Support Files/Pods-To Do List/Pods-To Do List-frameworks.sh",
				"${BUILT_PRODUCTS_DIR}/Realm/Realm.framework",
				"${BUILT_PRODUCTS_DIR}/RealmSwift/RealmSwift.framework",
			);
			name = "[CP] Embed Pods Frameworks";
			outputFileListPaths = (
			);
			outputPaths = (
				"${TARGET_BUILD_DIR}/${FRAMEWORKS_FOLDER_PATH}/Realm.framework",
				"${TARGET_BUILD_DIR}/${FRAMEWORKS_FOLDER_PATH}/RealmSwift.framework",
			);
			runOnlyForDeploymentPostprocessing = 0;
			shellPath = /bin/sh;
			shellScript = "\"${SRCROOT}/Pods/Target Support Files/Pods-To Do List/Pods-To Do List-frameworks.sh\"\n";
			showEnvVarsInLog = 0;
		};
		53C6BFA1CC0958A95B6E24AA /* [CP] Check Pods Manifest.lock */ = {
			isa = PBXShellScriptBuildPhase;
			buildActionMask = 2147483647;
			files = (
			);
			inputFileListPaths = (
			);
			inputPaths = (
				"${PODS_PODFILE_DIR_PATH}/Podfile.lock",
				"${PODS_ROOT}/Manifest.lock",
			);
			name = "[CP] Check Pods Manifest.lock";
			outputFileListPaths = (
			);
			outputPaths = (
				"$(DERIVED_FILE_DIR)/Pods-To Do List-checkManifestLockResult.txt",
			);
			runOnlyForDeploymentPostprocessing = 0;
			shellPath = /bin/sh;
			shellScript = "diff \"${PODS_PODFILE_DIR_PATH}/Podfile.lock\" \"${PODS_ROOT}/Manifest.lock\" > /dev/null\nif [ $? != 0 ] ; then\n    # print error to STDERR\n    echo \"error: The sandbox is not in sync with the Podfile.lock. Run 'pod install' or update your CocoaPods installation.\" >&2\n    exit 1\nfi\n# This output is used by Xcode 'outputs' to avoid re-running this script phase.\necho \"SUCCESS\" > \"${SCRIPT_OUTPUT_FILE_0}\"\n";
			showEnvVarsInLog = 0;
		};
/* End PBXShellScriptBuildPhase section */

/* Begin PBXSourcesBuildPhase section */
		63F881E922749D9500FA75AC /* Sources */ = {
			isa = PBXSourcesBuildPhase;
			buildActionMask = 2147483647;
			files = (
				63F881F122749D9500FA75AC /* AppDelegate.swift in Sources */,
				63F882082274A18200FA75AC /* ToDoTableViewController.swift in Sources */,
				63F8820A2274A34200FA75AC /* ToDoTableViewController+UITableViewDataSource.swift in Sources */,
				63F882142275DDAA00FA75AC /* ToDoViewController+UITableViewDelegate.swift in Sources */,
				63F8820D2274A57600FA75AC /* String+Extension.swift in Sources */,
				63F8820F2274AB2900FA75AC /* ToDoTableViewController+UITableViewDelegate.swift in Sources */,
				63F8820422749F5700FA75AC /* ToDo.swift in Sources */,
				63F882122275D4AD00FA75AC /* ToDoViewController.swift in Sources */,
			);
			runOnlyForDeploymentPostprocessing = 0;
		};
/* End PBXSourcesBuildPhase section */

/* Begin PBXVariantGroup section */
		63F881F422749D9500FA75AC /* Main.storyboard */ = {
			isa = PBXVariantGroup;
			children = (
				63F881F522749D9500FA75AC /* Base */,
			);
			name = Main.storyboard;
			sourceTree = "<group>";
		};
		63F881F922749D9600FA75AC /* LaunchScreen.storyboard */ = {
			isa = PBXVariantGroup;
			children = (
				63F881FA22749D9600FA75AC /* Base */,
			);
			name = LaunchScreen.storyboard;
			sourceTree = "<group>";
		};
/* End PBXVariantGroup section */

/* Begin XCBuildConfiguration section */
		63F881FD22749D9600FA75AC /* Debug */ = {
			isa = XCBuildConfiguration;
			buildSettings = {
				ALWAYS_SEARCH_USER_PATHS = NO;
				CLANG_ANALYZER_NONNULL = YES;
				CLANG_ANALYZER_NUMBER_OBJECT_CONVERSION = YES_AGGRESSIVE;
				CLANG_CXX_LANGUAGE_STANDARD = "gnu++14";
				CLANG_CXX_LIBRARY = "libc++";
				CLANG_ENABLE_MODULES = YES;
				CLANG_ENABLE_OBJC_ARC = YES;
				CLANG_ENABLE_OBJC_WEAK = YES;
				CLANG_WARN_BLOCK_CAPTURE_AUTORELEASING = YES;
				CLANG_WARN_BOOL_CONVERSION = YES;
				CLANG_WARN_COMMA = YES;
				CLANG_WARN_CONSTANT_CONVERSION = YES;
				CLANG_WARN_DEPRECATED_OBJC_IMPLEMENTATIONS = YES;
				CLANG_WARN_DIRECT_OBJC_ISA_USAGE = YES_ERROR;
				CLANG_WARN_DOCUMENTATION_COMMENTS = YES;
				CLANG_WARN_EMPTY_BODY = YES;
				CLANG_WARN_ENUM_CONVERSION = YES;
				CLANG_WARN_INFINITE_RECURSION = YES;
				CLANG_WARN_INT_CONVERSION = YES;
				CLANG_WARN_NON_LITERAL_NULL_CONVERSION = YES;
				CLANG_WARN_OBJC_IMPLICIT_RETAIN_SELF = YES;
				CLANG_WARN_OBJC_LITERAL_CONVERSION = YES;
				CLANG_WARN_OBJC_ROOT_CLASS = YES_ERROR;
				CLANG_WARN_RANGE_LOOP_ANALYSIS = YES;
				CLANG_WARN_STRICT_PROTOTYPES = YES;
				CLANG_WARN_SUSPICIOUS_MOVE = YES;
				CLANG_WARN_UNGUARDED_AVAILABILITY = YES_AGGRESSIVE;
				CLANG_WARN_UNREACHABLE_CODE = YES;
				CLANG_WARN__DUPLICATE_METHOD_MATCH = YES;
				CODE_SIGN_IDENTITY = "iPhone Developer";
				COPY_PHASE_STRIP = NO;
				DEBUG_INFORMATION_FORMAT = dwarf;
				ENABLE_STRICT_OBJC_MSGSEND = YES;
				ENABLE_TESTABILITY = YES;
				GCC_C_LANGUAGE_STANDARD = gnu11;
				GCC_DYNAMIC_NO_PIC = NO;
				GCC_NO_COMMON_BLOCKS = YES;
				GCC_OPTIMIZATION_LEVEL = 0;
				GCC_PREPROCESSOR_DEFINITIONS = (
					"DEBUG=1",
					"$(inherited)",
				);
				GCC_WARN_64_TO_32_BIT_CONVERSION = YES;
				GCC_WARN_ABOUT_RETURN_TYPE = YES_ERROR;
				GCC_WARN_UNDECLARED_SELECTOR = YES;
				GCC_WARN_UNINITIALIZED_AUTOS = YES_AGGRESSIVE;
				GCC_WARN_UNUSED_FUNCTION = YES;
				GCC_WARN_UNUSED_VARIABLE = YES;
				IPHONEOS_DEPLOYMENT_TARGET = 12.2;
				MTL_ENABLE_DEBUG_INFO = INCLUDE_SOURCE;
				MTL_FAST_MATH = YES;
				ONLY_ACTIVE_ARCH = YES;
				SDKROOT = iphoneos;
				SWIFT_ACTIVE_COMPILATION_CONDITIONS = DEBUG;
				SWIFT_OPTIMIZATION_LEVEL = "-Onone";
			};
			name = Debug;
		};
		63F881FE22749D9600FA75AC /* Release */ = {
			isa = XCBuildConfiguration;
			buildSettings = {
				ALWAYS_SEARCH_USER_PATHS = NO;
				CLANG_ANALYZER_NONNULL = YES;
				CLANG_ANALYZER_NUMBER_OBJECT_CONVERSION = YES_AGGRESSIVE;
				CLANG_CXX_LANGUAGE_STANDARD = "gnu++14";
				CLANG_CXX_LIBRARY = "libc++";
				CLANG_ENABLE_MODULES = YES;
				CLANG_ENABLE_OBJC_ARC = YES;
				CLANG_ENABLE_OBJC_WEAK = YES;
				CLANG_WARN_BLOCK_CAPTURE_AUTORELEASING = YES;
				CLANG_WARN_BOOL_CONVERSION = YES;
				CLANG_WARN_COMMA = YES;
				CLANG_WARN_CONSTANT_CONVERSION = YES;
				CLANG_WARN_DEPRECATED_OBJC_IMPLEMENTATIONS = YES;
				CLANG_WARN_DIRECT_OBJC_ISA_USAGE = YES_ERROR;
				CLANG_WARN_DOCUMENTATION_COMMENTS = YES;
				CLANG_WARN_EMPTY_BODY = YES;
				CLANG_WARN_ENUM_CONVERSION = YES;
				CLANG_WARN_INFINITE_RECURSION = YES;
				CLANG_WARN_INT_CONVERSION = YES;
				CLANG_WARN_NON_LITERAL_NULL_CONVERSION = YES;
				CLANG_WARN_OBJC_IMPLICIT_RETAIN_SELF = YES;
				CLANG_WARN_OBJC_LITERAL_CONVERSION = YES;
				CLANG_WARN_OBJC_ROOT_CLASS = YES_ERROR;
				CLANG_WARN_RANGE_LOOP_ANALYSIS = YES;
				CLANG_WARN_STRICT_PROTOTYPES = YES;
				CLANG_WARN_SUSPICIOUS_MOVE = YES;
				CLANG_WARN_UNGUARDED_AVAILABILITY = YES_AGGRESSIVE;
				CLANG_WARN_UNREACHABLE_CODE = YES;
				CLANG_WARN__DUPLICATE_METHOD_MATCH = YES;
				CODE_SIGN_IDENTITY = "iPhone Developer";
				COPY_PHASE_STRIP = NO;
				DEBUG_INFORMATION_FORMAT = "dwarf-with-dsym";
				ENABLE_NS_ASSERTIONS = NO;
				ENABLE_STRICT_OBJC_MSGSEND = YES;
				GCC_C_LANGUAGE_STANDARD = gnu11;
				GCC_NO_COMMON_BLOCKS = YES;
				GCC_WARN_64_TO_32_BIT_CONVERSION = YES;
				GCC_WARN_ABOUT_RETURN_TYPE = YES_ERROR;
				GCC_WARN_UNDECLARED_SELECTOR = YES;
				GCC_WARN_UNINITIALIZED_AUTOS = YES_AGGRESSIVE;
				GCC_WARN_UNUSED_FUNCTION = YES;
				GCC_WARN_UNUSED_VARIABLE = YES;
				IPHONEOS_DEPLOYMENT_TARGET = 12.2;
				MTL_ENABLE_DEBUG_INFO = NO;
				MTL_FAST_MATH = YES;
				SDKROOT = iphoneos;
				SWIFT_COMPILATION_MODE = wholemodule;
				SWIFT_OPTIMIZATION_LEVEL = "-O";
				VALIDATE_PRODUCT = YES;
			};
			name = Release;
		};
		63F8820022749D9600FA75AC /* Debug */ = {
			isa = XCBuildConfiguration;
			baseConfigurationReference = C60D5A189BFDC56FC6E7AEA4 /* Pods-To Do List.debug.xcconfig */;
			buildSettings = {
				ASSETCATALOG_COMPILER_APPICON_NAME = AppIcon;
				CODE_SIGN_STYLE = Automatic;
				DEVELOPMENT_TEAM = HK3JCX6MNH;
				INFOPLIST_FILE = "To Do List/Info.plist";
				LD_RUNPATH_SEARCH_PATHS = (
					"$(inherited)",
					"@executable_path/Frameworks",
				);
				PRODUCT_BUNDLE_IDENTIFIER = "david.To-Do-List";
				PRODUCT_NAME = "$(TARGET_NAME)";
				SWIFT_VERSION = 5.0;
				TARGETED_DEVICE_FAMILY = "1,2";
			};
			name = Debug;
		};
		63F8820122749D9600FA75AC /* Release */ = {
			isa = XCBuildConfiguration;
			baseConfigurationReference = B54F9A42283F7BC657F9EACE /* Pods-To Do List.release.xcconfig */;
			buildSettings = {
				ASSETCATALOG_COMPILER_APPICON_NAME = AppIcon;
				CODE_SIGN_STYLE = Automatic;
				DEVELOPMENT_TEAM = HK3JCX6MNH;
				INFOPLIST_FILE = "To Do List/Info.plist";
				LD_RUNPATH_SEARCH_PATHS = (
					"$(inherited)",
					"@executable_path/Frameworks",
				);
				PRODUCT_BUNDLE_IDENTIFIER = "david.To-Do-List";
				PRODUCT_NAME = "$(TARGET_NAME)";
				SWIFT_VERSION = 5.0;
				TARGETED_DEVICE_FAMILY = "1,2";
			};
			name = Release;
		};
/* End XCBuildConfiguration section */

/* Begin XCConfigurationList section */
		63F881E822749D9500FA75AC /* Build configuration list for PBXProject "To Do List" */ = {
			isa = XCConfigurationList;
			buildConfigurations = (
				63F881FD22749D9600FA75AC /* Debug */,
				63F881FE22749D9600FA75AC /* Release */,
			);
			defaultConfigurationIsVisible = 0;
			defaultConfigurationName = Release;
		};
		63F881FF22749D9600FA75AC /* Build configuration list for PBXNativeTarget "To Do List" */ = {
			isa = XCConfigurationList;
			buildConfigurations = (
				63F8820022749D9600FA75AC /* Debug */,
				63F8820122749D9600FA75AC /* Release */,
			);
			defaultConfigurationIsVisible = 0;
			defaultConfigurationName = Release;
		};
/* End XCConfigurationList section */
	};
	rootObject = 63F881E522749D9500FA75AC /* Project object */;
}
